
Microsoft Visual Studio Solution File, Format Version 12.00
# Visual Studio 15
VisualStudioVersion = 15.0.27703.2035
MinimumVisualStudioVersion = 10.0.40219.1
Project("{9A19103F-16F7-4668-BE54-9A1E7A4F7556}") = "MVC", "MVC\MVC.csproj", "{1FBAF8F1-273E-433E-A196-56FE3D6AE776}"
EndProject
Project("{9A19103F-16F7-4668-BE54-9A1E7A4F7556}") = "SwaggerTest", "SwaggerTest\SwaggerTest.csproj", "{3FDE095E-5603-4AA7-A9F8-621169B308D9}"
EndProject
Project("{9A19103F-16F7-4668-BE54-9A1E7A4F7556}") = "XUnitTestProject1", "XUnitTestProject1\XUnitTestProject1.csproj", "{166A482A-4C72-49DC-8829-78B3DEE8A331}"
EndProject
Project("{9A19103F-16F7-4668-BE54-9A1E7A4F7556}") = "HangFireTest", "HangFireTest\HangFireTest.csproj", "{DCA6D9A6-42AD-4E5A-B485-C9B568E08D19}"
EndProject
Project("{9A19103F-16F7-4668-BE54-9A1E7A4F7556}") = "MongoDBTest", "MongoDBTest\MongoDBTest.csproj", "{BC545076-31DC-4FE4-A213-D909BF695533}"
EndProject
Project("{9A19103F-16F7-4668-BE54-9A1E7A4F7556}") = "AutoFactTest", "AutoFactTest\AutoFactTest.csproj", "{36B0BD9C-B694-4004-819A-6B1E1F568DF8}"
EndProject
Project("{2150E333-8FDC-42A3-9474-1A3956D46DE8}") = "Test", "Test", "{3D2B6553-0D96-430E-B7BF-EC1C415BDCC8}"
EndProject
Project("{2150E333-8FDC-42A3-9474-1A3956D46DE8}") = "WorkSpace", "WorkSpace", "{F2CAD961-DBE2-4A0B-A34C-99918A57B1CD}"
EndProject
Project("{9A19103F-16F7-4668-BE54-9A1E7A4F7556}") = "WebApiTodo", "WebApiTodo\WebApiTodo.csproj", "{86785397-D2B9-430E-87B7-93F7ADCBF087}"
EndProject
Project("{9A19103F-16F7-4668-BE54-9A1E7A4F7556}") = "IdentityService", "IdentityService\IdentityService.csproj", "{CBBD0791-F7C4-479C-B4C6-6A19CC752FAC}"
EndProject
Project("{9A19103F-16F7-4668-BE54-9A1E7A4F7556}") = "OcelotTest", "OcelotTest\OcelotTest.csproj", "{CF6FC443-94AD-44CA-9C69-233F35FB903F}"
EndProject
Project("{FAE04EC0-301F-11D3-BF4B-00C04F79EFBC}") = "DockerTest", "DockerTest\DockerTest.csproj", "{E5E583FA-F1E3-45A9-916B-D7A00FC6786C}"
EndProject
Global
	GlobalSection(SolutionConfigurationPlatforms) = preSolution
		Debug|Any CPU = Debug|Any CPU
		Release|Any CPU = Release|Any CPU
	EndGlobalSection
	GlobalSection(ProjectConfigurationPlatforms) = postSolution
		{1FBAF8F1-273E-433E-A196-56FE3D6AE776}.Debug|Any CPU.ActiveCfg = Debug|Any CPU
		{1FBAF8F1-273E-433E-A196-56FE3D6AE776}.Debug|Any CPU.Build.0 = Debug|Any CPU
		{1FBAF8F1-273E-433E-A196-56FE3D6AE776}.Release|Any CPU.ActiveCfg = Release|Any CPU
		{1FBAF8F1-273E-433E-A196-56FE3D6AE776}.Release|Any CPU.Build.0 = Release|Any CPU
		{3FDE095E-5603-4AA7-A9F8-621169B308D9}.Debug|Any CPU.ActiveCfg = Debug|Any CPU
		{3FDE095E-5603-4AA7-A9F8-621169B308D9}.Debug|Any CPU.Build.0 = Debug|Any CPU
		{3FDE095E-5603-4AA7-A9F8-621169B308D9}.Release|Any CPU.ActiveCfg = Release|Any CPU
		{3FDE095E-5603-4AA7-A9F8-621169B308D9}.Release|Any CPU.Build.0 = Release|Any CPU
		{166A482A-4C72-49DC-8829-78B3DEE8A331}.Debug|Any CPU.ActiveCfg = Debug|Any CPU
		{166A482A-4C72-49DC-8829-78B3DEE8A331}.Debug|Any CPU.Build.0 = Debug|Any CPU
		{166A482A-4C72-49DC-8829-78B3DEE8A331}.Release|Any CPU.ActiveCfg = Release|Any CPU
		{166A482A-4C72-49DC-8829-78B3DEE8A331}.Release|Any CPU.Build.0 = Release|Any CPU
		{DCA6D9A6-42AD-4E5A-B485-C9B568E08D19}.Debug|Any CPU.ActiveCfg = Debug|Any CPU
		{DCA6D9A6-42AD-4E5A-B485-C9B568E08D19}.Debug|Any CPU.Build.0 = Debug|Any CPU
		{DCA6D9A6-42AD-4E5A-B485-C9B568E08D19}.Release|Any CPU.ActiveCfg = Release|Any CPU
		{DCA6D9A6-42AD-4E5A-B485-C9B568E08D19}.Release|Any CPU.Build.0 = Release|Any CPU
		{BC545076-31DC-4FE4-A213-D909BF695533}.Debug|Any CPU.ActiveCfg = Debug|Any CPU
		{BC545076-31DC-4FE4-A213-D909BF695533}.Debug|Any CPU.Build.0 = Debug|Any CPU
		{BC545076-31DC-4FE4-A213-D909BF695533}.Release|Any CPU.ActiveCfg = Release|Any CPU
		{BC545076-31DC-4FE4-A213-D909BF695533}.Release|Any CPU.Build.0 = Release|Any CPU
		{36B0BD9C-B694-4004-819A-6B1E1F568DF8}.Debug|Any CPU.ActiveCfg = Debug|Any CPU
		{36B0BD9C-B694-4004-819A-6B1E1F568DF8}.Debug|Any CPU.Build.0 = Debug|Any CPU
		{36B0BD9C-B694-4004-819A-6B1E1F568DF8}.Release|Any CPU.ActiveCfg = Release|Any CPU
		{36B0BD9C-B694-4004-819A-6B1E1F568DF8}.Release|Any CPU.Build.0 = Release|Any CPU
		{86785397-D2B9-430E-87B7-93F7ADCBF087}.Debug|Any CPU.ActiveCfg = Debug|Any CPU
		{86785397-D2B9-430E-87B7-93F7ADCBF087}.Debug|Any CPU.Build.0 = Debug|Any CPU
		{86785397-D2B9-430E-87B7-93F7ADCBF087}.Release|Any CPU.ActiveCfg = Release|Any CPU
		{86785397-D2B9-430E-87B7-93F7ADCBF087}.Release|Any CPU.Build.0 = Release|Any CPU
		{CBBD0791-F7C4-479C-B4C6-6A19CC752FAC}.Debug|Any CPU.ActiveCfg = Debug|Any CPU
		{CBBD0791-F7C4-479C-B4C6-6A19CC752FAC}.Debug|Any CPU.Build.0 = Debug|Any CPU
		{CBBD0791-F7C4-479C-B4C6-6A19CC752FAC}.Release|Any CPU.ActiveCfg = Release|Any CPU
		{CBBD0791-F7C4-479C-B4C6-6A19CC752FAC}.Release|Any CPU.Build.0 = Release|Any CPU
		{CF6FC443-94AD-44CA-9C69-233F35FB903F}.Debug|Any CPU.ActiveCfg = Debug|Any CPU
		{CF6FC443-94AD-44CA-9C69-233F35FB903F}.Debug|Any CPU.Build.0 = Debug|Any CPU
		{CF6FC443-94AD-44CA-9C69-233F35FB903F}.Release|Any CPU.ActiveCfg = Release|Any CPU
		{CF6FC443-94AD-44CA-9C69-233F35FB903F}.Release|Any CPU.Build.0 = Release|Any CPU
		{E5E583FA-F1E3-45A9-916B-D7A00FC6786C}.Debug|Any CPU.ActiveCfg = Debug|Any CPU
		{E5E583FA-F1E3-45A9-916B-D7A00FC6786C}.Debug|Any CPU.Build.0 = Debug|Any CPU
		{E5E583FA-F1E3-45A9-916B-D7A00FC6786C}.Release|Any CPU.ActiveCfg = Release|Any CPU
		{E5E583FA-F1E3-45A9-916B-D7A00FC6786C}.Release|Any CPU.Build.0 = Release|Any CPU
	EndGlobalSection
	GlobalSection(SolutionProperties) = preSolution
		HideSolutionNode = FALSE
	EndGlobalSection
	GlobalSection(NestedProjects) = preSolution
		{1FBAF8F1-273E-433E-A196-56FE3D6AE776} = {3D2B6553-0D96-430E-B7BF-EC1C415BDCC8}
		{3FDE095E-5603-4AA7-A9F8-621169B308D9} = {3D2B6553-0D96-430E-B7BF-EC1C415BDCC8}
		{166A482A-4C72-49DC-8829-78B3DEE8A331} = {3D2B6553-0D96-430E-B7BF-EC1C415BDCC8}
		{DCA6D9A6-42AD-4E5A-B485-C9B568E08D19} = {3D2B6553-0D96-430E-B7BF-EC1C415BDCC8}
		{BC545076-31DC-4FE4-A213-D909BF695533} = {3D2B6553-0D96-430E-B7BF-EC1C415BDCC8}
		{36B0BD9C-B694-4004-819A-6B1E1F568DF8} = {3D2B6553-0D96-430E-B7BF-EC1C415BDCC8}
		{86785397-D2B9-430E-87B7-93F7ADCBF087} = {3D2B6553-0D96-430E-B7BF-EC1C415BDCC8}
		{CBBD0791-F7C4-479C-B4C6-6A19CC752FAC} = {3D2B6553-0D96-430E-B7BF-EC1C415BDCC8}
		{CF6FC443-94AD-44CA-9C69-233F35FB903F} = {F2CAD961-DBE2-4A0B-A34C-99918A57B1CD}
		{E5E583FA-F1E3-45A9-916B-D7A00FC6786C} = {F2CAD961-DBE2-4A0B-A34C-99918A57B1CD}
	EndGlobalSection
	GlobalSection(ExtensibilityGlobals) = postSolution
		SolutionGuid = {2E0AC939-51E8-48B4-A5C2-3F3757CB599B}
	EndGlobalSection
EndGlobal
