
Microsoft Visual Studio Solution File, Format Version 12.00
# Visual Studio Version 16
VisualStudioVersion = 16.0.29503.13
MinimumVisualStudioVersion = 10.0.40219.1
Project("{9A19103F-16F7-4668-BE54-9A1E7A4F7556}") = "MVC", "MVC\MVC.csproj", "{1FBAF8F1-273E-433E-A196-56FE3D6AE776}"
EndProject
Project("{9A19103F-16F7-4668-BE54-9A1E7A4F7556}") = "SwaggerTest", "SwaggerTest\SwaggerTest.csproj", "{3FDE095E-5603-4AA7-A9F8-621169B308D9}"
EndProject
Project("{9A19103F-16F7-4668-BE54-9A1E7A4F7556}") = "XUnitTestProject1", "XUnitTestProject1\XUnitTestProject1.csproj", "{166A482A-4C72-49DC-8829-78B3DEE8A331}"
EndProject
Project("{9A19103F-16F7-4668-BE54-9A1E7A4F7556}") = "HangFireTest", "HangFireTest\HangFireTest.csproj", "{DCA6D9A6-42AD-4E5A-B485-C9B568E08D19}"
EndProject
Project("{9A19103F-16F7-4668-BE54-9A1E7A4F7556}") = "MongoDBTest", "MongoDBTest\MongoDBTest.csproj", "{BC545076-31DC-4FE4-A213-D909BF695533}"
EndProject
Project("{9A19103F-16F7-4668-BE54-9A1E7A4F7556}") = "AutoFactTest", "AutoFactTest\AutoFactTest.csproj", "{36B0BD9C-B694-4004-819A-6B1E1F568DF8}"
EndProject
Project("{2150E333-8FDC-42A3-9474-1A3956D46DE8}") = "Test", "Test", "{3D2B6553-0D96-430E-B7BF-EC1C415BDCC8}"
EndProject
Project("{2150E333-8FDC-42A3-9474-1A3956D46DE8}") = "WorkSpace", "WorkSpace", "{F2CAD961-DBE2-4A0B-A34C-99918A57B1CD}"
EndProject
Project("{9A19103F-16F7-4668-BE54-9A1E7A4F7556}") = "WebApiTodo", "WebApiTodo\WebApiTodo.csproj", "{86785397-D2B9-430E-87B7-93F7ADCBF087}"
EndProject
Project("{9A19103F-16F7-4668-BE54-9A1E7A4F7556}") = "IdentityService", "IdentityService\IdentityService.csproj", "{CBBD0791-F7C4-479C-B4C6-6A19CC752FAC}"
EndProject
Project("{9A19103F-16F7-4668-BE54-9A1E7A4F7556}") = "OcelotTest", "OcelotTest\OcelotTest.csproj", "{CF6FC443-94AD-44CA-9C69-233F35FB903F}"
EndProject
Project("{9A19103F-16F7-4668-BE54-9A1E7A4F7556}") = "DockerTest", "DockerTest\DockerTest.csproj", "{E5E583FA-F1E3-45A9-916B-D7A00FC6786C}"
EndProject
Project("{9A19103F-16F7-4668-BE54-9A1E7A4F7556}") = "Dapper.Test", "Dapper.Test\Dapper.Test.csproj", "{3E3AC376-E848-495B-A735-922831B0581D}"
EndProject
Project("{9A19103F-16F7-4668-BE54-9A1E7A4F7556}") = "WebApiTestForConsul", "WebApiTestForConsul\WebApiTestForConsul.csproj", "{221AE7B4-9E66-4CA5-8647-F80225A0FCF3}"
EndProject
Project("{9A19103F-16F7-4668-BE54-9A1E7A4F7556}") = "OcelotConsulTest", "OcelotConsulTest\OcelotConsulTest.csproj", "{BCE6FF5A-B65F-4433-9377-2CE98899FFBA}"
EndProject
Project("{2150E333-8FDC-42A3-9474-1A3956D46DE8}") = "Identity", "Identity", "{F4FC9260-4973-4F8F-AA4F-73E98CCDAE3C}"
EndProject
Project("{9A19103F-16F7-4668-BE54-9A1E7A4F7556}") = "IdentityServiceNew", "IdentityServiceNew\IdentityServiceNew.csproj", "{ECBA0F98-7E2E-464D-8084-FB11BB658FC8}"
EndProject
Project("{9A19103F-16F7-4668-BE54-9A1E7A4F7556}") = "Api", "Api\Api.csproj", "{6D6E426D-91BB-4BEA-8783-3BC70EA9D421}"
EndProject
Project("{9A19103F-16F7-4668-BE54-9A1E7A4F7556}") = "Client", "Client\Client.csproj", "{125F2D2E-0EB2-49B1-BF0D-0F3E603A8941}"
EndProject
Project("{9A19103F-16F7-4668-BE54-9A1E7A4F7556}") = "MvcClient", "MvcClient\MvcClient.csproj", "{B821CCA1-6847-4D61-AFD3-1EE47DBAB84C}"
EndProject
Project("{9A19103F-16F7-4668-BE54-9A1E7A4F7556}") = "JavaScriptClient", "JavaScriptClient\JavaScriptClient.csproj", "{0E470FC5-6B94-491B-99CA-BD0FF8132DF6}"
EndProject
Project("{9A19103F-16F7-4668-BE54-9A1E7A4F7556}") = "IdentityServiceEF", "IdentityServiceEF\IdentityServiceEF.csproj", "{0D446536-C058-4375-948A-ECA88B73FFB1}"
EndProject
Project("{9A19103F-16F7-4668-BE54-9A1E7A4F7556}") = "AspNetIdentity", "AspNetIdentity\AspNetIdentity.csproj", "{679CA985-8935-43E4-B2D1-80EA2F11C8E1}"
EndProject
Project("{9A19103F-16F7-4668-BE54-9A1E7A4F7556}") = "AspNetIdentityRegister", "AspNetIdentityRegister\AspNetIdentityRegister.csproj", "{089F6EC9-B6F7-4229-8001-C2238A3772E1}"
EndProject
Project("{9A19103F-16F7-4668-BE54-9A1E7A4F7556}") = "MediatRWebTest", "MediatRWebTest\MediatRWebTest.csproj", "{914B22F6-0F6C-4E35-A582-0F6FD19CB6FE}"
EndProject
Project("{9A19103F-16F7-4668-BE54-9A1E7A4F7556}") = "HealthChecks", "HealthChecks\HealthChecks.csproj", "{9F973756-4289-411D-9D1A-E075EF2AA0EA}"
EndProject
Project("{9A19103F-16F7-4668-BE54-9A1E7A4F7556}") = "SeleniumTest", "SeleniumTest\SeleniumTest.csproj", "{6451A404-9851-43DB-B7EA-5D598610EE40}"
EndProject
Project("{9A19103F-16F7-4668-BE54-9A1E7A4F7556}") = "RabbitMqTest", "RabbitMqTest\RabbitMqTest.csproj", "{7B7AC9C4-5528-453B-ADED-1BDFE7C6D394}"
EndProject
Project("{9A19103F-16F7-4668-BE54-9A1E7A4F7556}") = "DeepCopyTest", "DeepCopyTest\DeepCopyTest.csproj", "{C1511029-7A7B-415F-8B7F-8AABD410B95E}"
EndProject
Project("{FAE04EC0-301F-11D3-BF4B-00C04F79EFBC}") = "OrderNumberGenerator", "OrderNumberGenerator\OrderNumberGenerator.csproj", "{9A42E063-3F4C-468E-9609-5F143C71DCEA}"
EndProject
Project("{FAE04EC0-301F-11D3-BF4B-00C04F79EFBC}") = "UniqueOrderNumberGenerator", "UniqueOrderNumberGenerator\UniqueOrderNumberGenerator.csproj", "{B42E751B-1EC7-4CA6-8ADD-4B5025F7B643}"
EndProject
Global
	GlobalSection(SolutionConfigurationPlatforms) = preSolution
		Debug|Any CPU = Debug|Any CPU
		Release|Any CPU = Release|Any CPU
	EndGlobalSection
	GlobalSection(ProjectConfigurationPlatforms) = postSolution
		{1FBAF8F1-273E-433E-A196-56FE3D6AE776}.Debug|Any CPU.ActiveCfg = Debug|Any CPU
		{1FBAF8F1-273E-433E-A196-56FE3D6AE776}.Debug|Any CPU.Build.0 = Debug|Any CPU
		{1FBAF8F1-273E-433E-A196-56FE3D6AE776}.Release|Any CPU.ActiveCfg = Release|Any CPU
		{1FBAF8F1-273E-433E-A196-56FE3D6AE776}.Release|Any CPU.Build.0 = Release|Any CPU
		{3FDE095E-5603-4AA7-A9F8-621169B308D9}.Debug|Any CPU.ActiveCfg = Debug|Any CPU
		{3FDE095E-5603-4AA7-A9F8-621169B308D9}.Debug|Any CPU.Build.0 = Debug|Any CPU
		{3FDE095E-5603-4AA7-A9F8-621169B308D9}.Release|Any CPU.ActiveCfg = Release|Any CPU
		{3FDE095E-5603-4AA7-A9F8-621169B308D9}.Release|Any CPU.Build.0 = Release|Any CPU
		{166A482A-4C72-49DC-8829-78B3DEE8A331}.Debug|Any CPU.ActiveCfg = Debug|Any CPU
		{166A482A-4C72-49DC-8829-78B3DEE8A331}.Debug|Any CPU.Build.0 = Debug|Any CPU
		{166A482A-4C72-49DC-8829-78B3DEE8A331}.Release|Any CPU.ActiveCfg = Release|Any CPU
		{166A482A-4C72-49DC-8829-78B3DEE8A331}.Release|Any CPU.Build.0 = Release|Any CPU
		{DCA6D9A6-42AD-4E5A-B485-C9B568E08D19}.Debug|Any CPU.ActiveCfg = Debug|Any CPU
		{DCA6D9A6-42AD-4E5A-B485-C9B568E08D19}.Debug|Any CPU.Build.0 = Debug|Any CPU
		{DCA6D9A6-42AD-4E5A-B485-C9B568E08D19}.Release|Any CPU.ActiveCfg = Release|Any CPU
		{DCA6D9A6-42AD-4E5A-B485-C9B568E08D19}.Release|Any CPU.Build.0 = Release|Any CPU
		{BC545076-31DC-4FE4-A213-D909BF695533}.Debug|Any CPU.ActiveCfg = Debug|Any CPU
		{BC545076-31DC-4FE4-A213-D909BF695533}.Debug|Any CPU.Build.0 = Debug|Any CPU
		{BC545076-31DC-4FE4-A213-D909BF695533}.Release|Any CPU.ActiveCfg = Release|Any CPU
		{BC545076-31DC-4FE4-A213-D909BF695533}.Release|Any CPU.Build.0 = Release|Any CPU
		{36B0BD9C-B694-4004-819A-6B1E1F568DF8}.Debug|Any CPU.ActiveCfg = Debug|Any CPU
		{36B0BD9C-B694-4004-819A-6B1E1F568DF8}.Debug|Any CPU.Build.0 = Debug|Any CPU
		{36B0BD9C-B694-4004-819A-6B1E1F568DF8}.Release|Any CPU.ActiveCfg = Release|Any CPU
		{36B0BD9C-B694-4004-819A-6B1E1F568DF8}.Release|Any CPU.Build.0 = Release|Any CPU
		{86785397-D2B9-430E-87B7-93F7ADCBF087}.Debug|Any CPU.ActiveCfg = Debug|Any CPU
		{86785397-D2B9-430E-87B7-93F7ADCBF087}.Debug|Any CPU.Build.0 = Debug|Any CPU
		{86785397-D2B9-430E-87B7-93F7ADCBF087}.Release|Any CPU.ActiveCfg = Release|Any CPU
		{86785397-D2B9-430E-87B7-93F7ADCBF087}.Release|Any CPU.Build.0 = Release|Any CPU
		{CBBD0791-F7C4-479C-B4C6-6A19CC752FAC}.Debug|Any CPU.ActiveCfg = Debug|Any CPU
		{CBBD0791-F7C4-479C-B4C6-6A19CC752FAC}.Debug|Any CPU.Build.0 = Debug|Any CPU
		{CBBD0791-F7C4-479C-B4C6-6A19CC752FAC}.Release|Any CPU.ActiveCfg = Release|Any CPU
		{CBBD0791-F7C4-479C-B4C6-6A19CC752FAC}.Release|Any CPU.Build.0 = Release|Any CPU
		{CF6FC443-94AD-44CA-9C69-233F35FB903F}.Debug|Any CPU.ActiveCfg = Debug|Any CPU
		{CF6FC443-94AD-44CA-9C69-233F35FB903F}.Debug|Any CPU.Build.0 = Debug|Any CPU
		{CF6FC443-94AD-44CA-9C69-233F35FB903F}.Release|Any CPU.ActiveCfg = Release|Any CPU
		{CF6FC443-94AD-44CA-9C69-233F35FB903F}.Release|Any CPU.Build.0 = Release|Any CPU
		{E5E583FA-F1E3-45A9-916B-D7A00FC6786C}.Debug|Any CPU.ActiveCfg = Debug|Any CPU
		{E5E583FA-F1E3-45A9-916B-D7A00FC6786C}.Debug|Any CPU.Build.0 = Debug|Any CPU
		{E5E583FA-F1E3-45A9-916B-D7A00FC6786C}.Release|Any CPU.ActiveCfg = Release|Any CPU
		{E5E583FA-F1E3-45A9-916B-D7A00FC6786C}.Release|Any CPU.Build.0 = Release|Any CPU
		{3E3AC376-E848-495B-A735-922831B0581D}.Debug|Any CPU.ActiveCfg = Debug|Any CPU
		{3E3AC376-E848-495B-A735-922831B0581D}.Debug|Any CPU.Build.0 = Debug|Any CPU
		{3E3AC376-E848-495B-A735-922831B0581D}.Release|Any CPU.ActiveCfg = Release|Any CPU
		{3E3AC376-E848-495B-A735-922831B0581D}.Release|Any CPU.Build.0 = Release|Any CPU
		{221AE7B4-9E66-4CA5-8647-F80225A0FCF3}.Debug|Any CPU.ActiveCfg = Debug|Any CPU
		{221AE7B4-9E66-4CA5-8647-F80225A0FCF3}.Debug|Any CPU.Build.0 = Debug|Any CPU
		{221AE7B4-9E66-4CA5-8647-F80225A0FCF3}.Release|Any CPU.ActiveCfg = Release|Any CPU
		{221AE7B4-9E66-4CA5-8647-F80225A0FCF3}.Release|Any CPU.Build.0 = Release|Any CPU
		{BCE6FF5A-B65F-4433-9377-2CE98899FFBA}.Debug|Any CPU.ActiveCfg = Debug|Any CPU
		{BCE6FF5A-B65F-4433-9377-2CE98899FFBA}.Debug|Any CPU.Build.0 = Debug|Any CPU
		{BCE6FF5A-B65F-4433-9377-2CE98899FFBA}.Release|Any CPU.ActiveCfg = Release|Any CPU
		{BCE6FF5A-B65F-4433-9377-2CE98899FFBA}.Release|Any CPU.Build.0 = Release|Any CPU
		{ECBA0F98-7E2E-464D-8084-FB11BB658FC8}.Debug|Any CPU.ActiveCfg = Debug|Any CPU
		{ECBA0F98-7E2E-464D-8084-FB11BB658FC8}.Debug|Any CPU.Build.0 = Debug|Any CPU
		{ECBA0F98-7E2E-464D-8084-FB11BB658FC8}.Release|Any CPU.ActiveCfg = Release|Any CPU
		{ECBA0F98-7E2E-464D-8084-FB11BB658FC8}.Release|Any CPU.Build.0 = Release|Any CPU
		{6D6E426D-91BB-4BEA-8783-3BC70EA9D421}.Debug|Any CPU.ActiveCfg = Debug|Any CPU
		{6D6E426D-91BB-4BEA-8783-3BC70EA9D421}.Debug|Any CPU.Build.0 = Debug|Any CPU
		{6D6E426D-91BB-4BEA-8783-3BC70EA9D421}.Release|Any CPU.ActiveCfg = Release|Any CPU
		{6D6E426D-91BB-4BEA-8783-3BC70EA9D421}.Release|Any CPU.Build.0 = Release|Any CPU
		{125F2D2E-0EB2-49B1-BF0D-0F3E603A8941}.Debug|Any CPU.ActiveCfg = Debug|Any CPU
		{125F2D2E-0EB2-49B1-BF0D-0F3E603A8941}.Debug|Any CPU.Build.0 = Debug|Any CPU
		{125F2D2E-0EB2-49B1-BF0D-0F3E603A8941}.Release|Any CPU.ActiveCfg = Release|Any CPU
		{125F2D2E-0EB2-49B1-BF0D-0F3E603A8941}.Release|Any CPU.Build.0 = Release|Any CPU
		{B821CCA1-6847-4D61-AFD3-1EE47DBAB84C}.Debug|Any CPU.ActiveCfg = Debug|Any CPU
		{B821CCA1-6847-4D61-AFD3-1EE47DBAB84C}.Debug|Any CPU.Build.0 = Debug|Any CPU
		{B821CCA1-6847-4D61-AFD3-1EE47DBAB84C}.Release|Any CPU.ActiveCfg = Release|Any CPU
		{B821CCA1-6847-4D61-AFD3-1EE47DBAB84C}.Release|Any CPU.Build.0 = Release|Any CPU
		{0E470FC5-6B94-491B-99CA-BD0FF8132DF6}.Debug|Any CPU.ActiveCfg = Debug|Any CPU
		{0E470FC5-6B94-491B-99CA-BD0FF8132DF6}.Debug|Any CPU.Build.0 = Debug|Any CPU
		{0E470FC5-6B94-491B-99CA-BD0FF8132DF6}.Release|Any CPU.ActiveCfg = Release|Any CPU
		{0E470FC5-6B94-491B-99CA-BD0FF8132DF6}.Release|Any CPU.Build.0 = Release|Any CPU
		{0D446536-C058-4375-948A-ECA88B73FFB1}.Debug|Any CPU.ActiveCfg = Debug|Any CPU
		{0D446536-C058-4375-948A-ECA88B73FFB1}.Debug|Any CPU.Build.0 = Debug|Any CPU
		{0D446536-C058-4375-948A-ECA88B73FFB1}.Release|Any CPU.ActiveCfg = Release|Any CPU
		{0D446536-C058-4375-948A-ECA88B73FFB1}.Release|Any CPU.Build.0 = Release|Any CPU
		{679CA985-8935-43E4-B2D1-80EA2F11C8E1}.Debug|Any CPU.ActiveCfg = Debug|Any CPU
		{679CA985-8935-43E4-B2D1-80EA2F11C8E1}.Debug|Any CPU.Build.0 = Debug|Any CPU
		{679CA985-8935-43E4-B2D1-80EA2F11C8E1}.Release|Any CPU.ActiveCfg = Release|Any CPU
		{679CA985-8935-43E4-B2D1-80EA2F11C8E1}.Release|Any CPU.Build.0 = Release|Any CPU
		{089F6EC9-B6F7-4229-8001-C2238A3772E1}.Debug|Any CPU.ActiveCfg = Debug|Any CPU
		{089F6EC9-B6F7-4229-8001-C2238A3772E1}.Debug|Any CPU.Build.0 = Debug|Any CPU
		{089F6EC9-B6F7-4229-8001-C2238A3772E1}.Release|Any CPU.ActiveCfg = Release|Any CPU
		{089F6EC9-B6F7-4229-8001-C2238A3772E1}.Release|Any CPU.Build.0 = Release|Any CPU
		{914B22F6-0F6C-4E35-A582-0F6FD19CB6FE}.Debug|Any CPU.ActiveCfg = Debug|Any CPU
		{914B22F6-0F6C-4E35-A582-0F6FD19CB6FE}.Debug|Any CPU.Build.0 = Debug|Any CPU
		{914B22F6-0F6C-4E35-A582-0F6FD19CB6FE}.Release|Any CPU.ActiveCfg = Release|Any CPU
		{914B22F6-0F6C-4E35-A582-0F6FD19CB6FE}.Release|Any CPU.Build.0 = Release|Any CPU
		{9F973756-4289-411D-9D1A-E075EF2AA0EA}.Debug|Any CPU.ActiveCfg = Debug|Any CPU
		{9F973756-4289-411D-9D1A-E075EF2AA0EA}.Debug|Any CPU.Build.0 = Debug|Any CPU
		{9F973756-4289-411D-9D1A-E075EF2AA0EA}.Release|Any CPU.ActiveCfg = Release|Any CPU
		{9F973756-4289-411D-9D1A-E075EF2AA0EA}.Release|Any CPU.Build.0 = Release|Any CPU
		{6451A404-9851-43DB-B7EA-5D598610EE40}.Debug|Any CPU.ActiveCfg = Debug|Any CPU
		{6451A404-9851-43DB-B7EA-5D598610EE40}.Debug|Any CPU.Build.0 = Debug|Any CPU
		{6451A404-9851-43DB-B7EA-5D598610EE40}.Release|Any CPU.ActiveCfg = Release|Any CPU
		{6451A404-9851-43DB-B7EA-5D598610EE40}.Release|Any CPU.Build.0 = Release|Any CPU
		{7B7AC9C4-5528-453B-ADED-1BDFE7C6D394}.Debug|Any CPU.ActiveCfg = Debug|Any CPU
		{7B7AC9C4-5528-453B-ADED-1BDFE7C6D394}.Debug|Any CPU.Build.0 = Debug|Any CPU
		{7B7AC9C4-5528-453B-ADED-1BDFE7C6D394}.Release|Any CPU.ActiveCfg = Release|Any CPU
		{7B7AC9C4-5528-453B-ADED-1BDFE7C6D394}.Release|Any CPU.Build.0 = Release|Any CPU
		{C1511029-7A7B-415F-8B7F-8AABD410B95E}.Debug|Any CPU.ActiveCfg = Debug|Any CPU
		{C1511029-7A7B-415F-8B7F-8AABD410B95E}.Debug|Any CPU.Build.0 = Debug|Any CPU
		{C1511029-7A7B-415F-8B7F-8AABD410B95E}.Release|Any CPU.ActiveCfg = Release|Any CPU
		{C1511029-7A7B-415F-8B7F-8AABD410B95E}.Release|Any CPU.Build.0 = Release|Any CPU
		{9A42E063-3F4C-468E-9609-5F143C71DCEA}.Debug|Any CPU.ActiveCfg = Debug|Any CPU
		{9A42E063-3F4C-468E-9609-5F143C71DCEA}.Debug|Any CPU.Build.0 = Debug|Any CPU
		{9A42E063-3F4C-468E-9609-5F143C71DCEA}.Release|Any CPU.ActiveCfg = Release|Any CPU
		{9A42E063-3F4C-468E-9609-5F143C71DCEA}.Release|Any CPU.Build.0 = Release|Any CPU
		{B42E751B-1EC7-4CA6-8ADD-4B5025F7B643}.Debug|Any CPU.ActiveCfg = Debug|Any CPU
		{B42E751B-1EC7-4CA6-8ADD-4B5025F7B643}.Debug|Any CPU.Build.0 = Debug|Any CPU
		{B42E751B-1EC7-4CA6-8ADD-4B5025F7B643}.Release|Any CPU.ActiveCfg = Release|Any CPU
		{B42E751B-1EC7-4CA6-8ADD-4B5025F7B643}.Release|Any CPU.Build.0 = Release|Any CPU
	EndGlobalSection
	GlobalSection(SolutionProperties) = preSolution
		HideSolutionNode = FALSE
	EndGlobalSection
	GlobalSection(NestedProjects) = preSolution
		{1FBAF8F1-273E-433E-A196-56FE3D6AE776} = {3D2B6553-0D96-430E-B7BF-EC1C415BDCC8}
		{3FDE095E-5603-4AA7-A9F8-621169B308D9} = {3D2B6553-0D96-430E-B7BF-EC1C415BDCC8}
		{166A482A-4C72-49DC-8829-78B3DEE8A331} = {3D2B6553-0D96-430E-B7BF-EC1C415BDCC8}
		{DCA6D9A6-42AD-4E5A-B485-C9B568E08D19} = {3D2B6553-0D96-430E-B7BF-EC1C415BDCC8}
		{BC545076-31DC-4FE4-A213-D909BF695533} = {3D2B6553-0D96-430E-B7BF-EC1C415BDCC8}
		{36B0BD9C-B694-4004-819A-6B1E1F568DF8} = {3D2B6553-0D96-430E-B7BF-EC1C415BDCC8}
		{86785397-D2B9-430E-87B7-93F7ADCBF087} = {3D2B6553-0D96-430E-B7BF-EC1C415BDCC8}
		{CBBD0791-F7C4-479C-B4C6-6A19CC752FAC} = {3D2B6553-0D96-430E-B7BF-EC1C415BDCC8}
		{CF6FC443-94AD-44CA-9C69-233F35FB903F} = {F2CAD961-DBE2-4A0B-A34C-99918A57B1CD}
		{E5E583FA-F1E3-45A9-916B-D7A00FC6786C} = {F2CAD961-DBE2-4A0B-A34C-99918A57B1CD}
		{3E3AC376-E848-495B-A735-922831B0581D} = {3D2B6553-0D96-430E-B7BF-EC1C415BDCC8}
		{221AE7B4-9E66-4CA5-8647-F80225A0FCF3} = {F2CAD961-DBE2-4A0B-A34C-99918A57B1CD}
		{BCE6FF5A-B65F-4433-9377-2CE98899FFBA} = {F2CAD961-DBE2-4A0B-A34C-99918A57B1CD}
		{ECBA0F98-7E2E-464D-8084-FB11BB658FC8} = {F4FC9260-4973-4F8F-AA4F-73E98CCDAE3C}
		{6D6E426D-91BB-4BEA-8783-3BC70EA9D421} = {F4FC9260-4973-4F8F-AA4F-73E98CCDAE3C}
		{125F2D2E-0EB2-49B1-BF0D-0F3E603A8941} = {F4FC9260-4973-4F8F-AA4F-73E98CCDAE3C}
		{B821CCA1-6847-4D61-AFD3-1EE47DBAB84C} = {F4FC9260-4973-4F8F-AA4F-73E98CCDAE3C}
		{0E470FC5-6B94-491B-99CA-BD0FF8132DF6} = {F4FC9260-4973-4F8F-AA4F-73E98CCDAE3C}
		{0D446536-C058-4375-948A-ECA88B73FFB1} = {F4FC9260-4973-4F8F-AA4F-73E98CCDAE3C}
		{679CA985-8935-43E4-B2D1-80EA2F11C8E1} = {F4FC9260-4973-4F8F-AA4F-73E98CCDAE3C}
		{089F6EC9-B6F7-4229-8001-C2238A3772E1} = {F4FC9260-4973-4F8F-AA4F-73E98CCDAE3C}
		{914B22F6-0F6C-4E35-A582-0F6FD19CB6FE} = {3D2B6553-0D96-430E-B7BF-EC1C415BDCC8}
		{9F973756-4289-411D-9D1A-E075EF2AA0EA} = {F2CAD961-DBE2-4A0B-A34C-99918A57B1CD}
		{6451A404-9851-43DB-B7EA-5D598610EE40} = {3D2B6553-0D96-430E-B7BF-EC1C415BDCC8}
		{7B7AC9C4-5528-453B-ADED-1BDFE7C6D394} = {F2CAD961-DBE2-4A0B-A34C-99918A57B1CD}
		{C1511029-7A7B-415F-8B7F-8AABD410B95E} = {3D2B6553-0D96-430E-B7BF-EC1C415BDCC8}
		{9A42E063-3F4C-468E-9609-5F143C71DCEA} = {F2CAD961-DBE2-4A0B-A34C-99918A57B1CD}
		{B42E751B-1EC7-4CA6-8ADD-4B5025F7B643} = {F2CAD961-DBE2-4A0B-A34C-99918A57B1CD}
	EndGlobalSection
	GlobalSection(ExtensibilityGlobals) = postSolution
		SolutionGuid = {2E0AC939-51E8-48B4-A5C2-3F3757CB599B}
	EndGlobalSection
EndGlobal
